
Microsoft Visual Studio Solution File, Format Version 12.00
# Visual Studio Version 17
VisualStudioVersion = 17.0.31919.166
MinimumVisualStudioVersion = 10.0.40219.1
Project("{9A19103F-16F7-4668-BE54-9A1E7A4F7556}") = "TournamentTracker", "TournamentTracker\TournamentTracker.csproj", "{A55003CB-DFAC-4725-B06A-85C00CF2E172}"
EndProject
Project("{FAE04EC0-301F-11D3-BF4B-00C04F79EFBC}") = "TournamentTrackerUI", "TournamentTrackerUI\TournamentTrackerUI.csproj", "{FA84AE25-F713-42AE-A2C2-C405F839607F}"
EndProject
Global
	GlobalSection(SolutionConfigurationPlatforms) = preSolution
		Debug|Any CPU = Debug|Any CPU
		Release|Any CPU = Release|Any CPU
	EndGlobalSection
	GlobalSection(ProjectConfigurationPlatforms) = postSolution
		{A55003CB-DFAC-4725-B06A-85C00CF2E172}.Debug|Any CPU.ActiveCfg = Debug|Any CPU
		{A55003CB-DFAC-4725-B06A-85C00CF2E172}.Debug|Any CPU.Build.0 = Debug|Any CPU
		{A55003CB-DFAC-4725-B06A-85C00CF2E172}.Release|Any CPU.ActiveCfg = Release|Any CPU
		{A55003CB-DFAC-4725-B06A-85C00CF2E172}.Release|Any CPU.Build.0 = Release|Any CPU
		{FA84AE25-F713-42AE-A2C2-C405F839607F}.Debug|Any CPU.ActiveCfg = Debug|Any CPU
		{FA84AE25-F713-42AE-A2C2-C405F839607F}.Debug|Any CPU.Build.0 = Debug|Any CPU
		{FA84AE25-F713-42AE-A2C2-C405F839607F}.Release|Any CPU.ActiveCfg = Release|Any CPU
		{FA84AE25-F713-42AE-A2C2-C405F839607F}.Release|Any CPU.Build.0 = Release|Any CPU
	EndGlobalSection
	GlobalSection(SolutionProperties) = preSolution
		HideSolutionNode = FALSE
	EndGlobalSection
	GlobalSection(ExtensibilityGlobals) = postSolution
		SolutionGuid = {38924A7B-E858-4C88-A603-566FC172F166}
	EndGlobalSection
EndGlobal
